
Microsoft Visual Studio Solution File, Format Version 12.00
# Visual Studio Version 16
VisualStudioVersion = 16.0.31911.196
MinimumVisualStudioVersion = 10.0.40219.1
Project("{FAE04EC0-301F-11D3-BF4B-00C04F79EFBC}") = "KKS_AssetImport", "KKS_MeshImport\KKS_AssetImport.csproj", "{3B4D6705-41E0-4BF9-A89E-89288F486FA8}"
EndProject
Global
	GlobalSection(SolutionConfigurationPlatforms) = preSolution
		Debug|Any CPU = Debug|Any CPU
		Release|Any CPU = Release|Any CPU
	EndGlobalSection
	GlobalSection(ProjectConfigurationPlatforms) = postSolution
		{3B4D6705-41E0-4BF9-A89E-89288F486FA8}.Debug|Any CPU.ActiveCfg = Debug|Any CPU
		{3B4D6705-41E0-4BF9-A89E-89288F486FA8}.Debug|Any CPU.Build.0 = Debug|Any CPU
		{3B4D6705-41E0-4BF9-A89E-89288F486FA8}.Release|Any CPU.ActiveCfg = Release|Any CPU
		{3B4D6705-41E0-4BF9-A89E-89288F486FA8}.Release|Any CPU.Build.0 = Release|Any CPU
	EndGlobalSection
	GlobalSection(SolutionProperties) = preSolution
		HideSolutionNode = FALSE
	EndGlobalSection
	GlobalSection(ExtensibilityGlobals) = postSolution
		SolutionGuid = {801BA3EA-5797-40CF-A0CD-C551E3889812}
	EndGlobalSection
EndGlobal
